<?xml version="1.0" encoding="UTF-8" standalone="yes" ?>
<CodeBlocks_project_file>
	<FileVersion major="1" minor="6" />
	<Project>
		<Option title="Sensor" />
		<Option pch_mode="2" />
		<Option compiler="gcc" />
		<Build>
			<Target title="Debug">
				<Option output="bin/Debug/Sensor" prefix_auto="1" extension_auto="1" />
				<Option object_output="obj/Debug/" />
				<Option type="1" />
				<Option compiler="gcc" />
				<Compiler>
					<Add option="-g" />
					<Add option="-pthread" />
					<Add directory="../Sensor" />
					<Add directory="include" />
				</Compiler>
				<Linker>
					<Add option="-lgtest" />
					<Add option="-pthread" />
					<Add option="-lwiringPi" />
				</Linker>
			</Target>
			<Target title="Release">
				<Option output="bin/Release/Sensor" prefix_auto="1" extension_auto="1" />
				<Option object_output="obj/Release/" />
				<Option type="1" />
				<Option compiler="gcc" />
				<Compiler>
					<Add option="-O2" />
					<Add directory="../Sensor" />
					<Add directory="include" />
				</Compiler>
				<Linker>
					<Add option="-s" />
				</Linker>
			</Target>
		</Build>
		<Compiler>
			<Add option="-Wall" />
			<Add option="-fexceptions" />
			<Add option="-std=c++17" />
		</Compiler>
		<Unit filename="include/PinManager.h" />
		<Unit filename="include/RotaryEncoder.h" />
		<Unit filename="include/Sensors.h" />
		<Unit filename="lib/easylogging/easylogging++.cc" />
		<Unit filename="lib/easylogging/easylogging++.h" />
		<Unit filename="main.cpp" />
		<Unit filename="src/PinManager.cpp" />
		<Unit filename="src/RotaryEncoder.cpp" />
		<Unit filename="src/Sensors.cpp" />
		<Extensions>
			<code_completion />
			<debugger />
		</Extensions>
	</Project>
</CodeBlocks_project_file>
